
Microsoft Visual Studio Solution File, Format Version 12.00
# Visual Studio Version 16
VisualStudioVersion = 16.0.30717.126
MinimumVisualStudioVersion = 10.0.40219.1
Project("{FAE04EC0-301F-11D3-BF4B-00C04F79EFBC}") = "RestsharpZip", "RestsharpZip\RestsharpZip.csproj", "{239671B9-B3DF-4055-9E8A-6B51D8666F05}"
EndProject
Global
	GlobalSection(SolutionConfigurationPlatforms) = preSolution
		Debug|Any CPU = Debug|Any CPU
		Release|Any CPU = Release|Any CPU
	EndGlobalSection
	GlobalSection(ProjectConfigurationPlatforms) = postSolution
		{239671B9-B3DF-4055-9E8A-6B51D8666F05}.Debug|Any CPU.ActiveCfg = Debug|Any CPU
		{239671B9-B3DF-4055-9E8A-6B51D8666F05}.Debug|Any CPU.Build.0 = Debug|Any CPU
		{239671B9-B3DF-4055-9E8A-6B51D8666F05}.Release|Any CPU.ActiveCfg = Release|Any CPU
		{239671B9-B3DF-4055-9E8A-6B51D8666F05}.Release|Any CPU.Build.0 = Release|Any CPU
	EndGlobalSection
	GlobalSection(SolutionProperties) = preSolution
		HideSolutionNode = FALSE
	EndGlobalSection
	GlobalSection(ExtensibilityGlobals) = postSolution
		SolutionGuid = {86818368-6F51-4D3E-8C69-0A528AE55B39}
	EndGlobalSection
EndGlobal
